
Microsoft Visual Studio Solution File, Format Version 12.00
# Visual Studio 14
VisualStudioVersion = 14.0.25420.1
MinimumVisualStudioVersion = 10.0.40219.1
Project("{FAE04EC0-301F-11D3-BF4B-00C04F79EFBC}") = "iTextSharpTryOutBase64", "iTextSharpTryOutBase64\iTextSharpTryOutBase64.csproj", "{4E3B3DC7-4CA7-4CE5-AC95-D710D27C397A}"
EndProject
Global
	GlobalSection(SolutionConfigurationPlatforms) = preSolution
		Debug|Any CPU = Debug|Any CPU
		Release|Any CPU = Release|Any CPU
	EndGlobalSection
	GlobalSection(ProjectConfigurationPlatforms) = postSolution
		{4E3B3DC7-4CA7-4CE5-AC95-D710D27C397A}.Debug|Any CPU.ActiveCfg = Debug|Any CPU
		{4E3B3DC7-4CA7-4CE5-AC95-D710D27C397A}.Debug|Any CPU.Build.0 = Debug|Any CPU
		{4E3B3DC7-4CA7-4CE5-AC95-D710D27C397A}.Release|Any CPU.ActiveCfg = Release|Any CPU
		{4E3B3DC7-4CA7-4CE5-AC95-D710D27C397A}.Release|Any CPU.Build.0 = Release|Any CPU
	EndGlobalSection
	GlobalSection(SolutionProperties) = preSolution
		HideSolutionNode = FALSE
	EndGlobalSection
EndGlobal
